
Microsoft Visual Studio Solution File, Format Version 12.00
# Visual Studio 15
VisualStudioVersion = 15.0.27004.2002
MinimumVisualStudioVersion = 10.0.40219.1
Project("{FAE04EC0-301F-11D3-BF4B-00C04F79EFBC}") = "TimelineDemoPAX", "TimelineDemoPAX\TimelineDemoPAX.csproj", "{261BD912-7AAA-4E80-9FAA-15402A2B35EC}"
EndProject
Global
	GlobalSection(SolutionConfigurationPlatforms) = preSolution
		Debug|ARM = Debug|ARM
		Debug|x64 = Debug|x64
		Debug|x86 = Debug|x86
		Release|ARM = Release|ARM
		Release|x64 = Release|x64
		Release|x86 = Release|x86
	EndGlobalSection
	GlobalSection(ProjectConfigurationPlatforms) = postSolution
		{261BD912-7AAA-4E80-9FAA-15402A2B35EC}.Debug|ARM.ActiveCfg = Debug|ARM
		{261BD912-7AAA-4E80-9FAA-15402A2B35EC}.Debug|ARM.Build.0 = Debug|ARM
		{261BD912-7AAA-4E80-9FAA-15402A2B35EC}.Debug|ARM.Deploy.0 = Debug|ARM
		{261BD912-7AAA-4E80-9FAA-15402A2B35EC}.Debug|x64.ActiveCfg = Debug|x64
		{261BD912-7AAA-4E80-9FAA-15402A2B35EC}.Debug|x64.Build.0 = Debug|x64
		{261BD912-7AAA-4E80-9FAA-15402A2B35EC}.Debug|x64.Deploy.0 = Debug|x64
		{261BD912-7AAA-4E80-9FAA-15402A2B35EC}.Debug|x86.ActiveCfg = Debug|x86
		{261BD912-7AAA-4E80-9FAA-15402A2B35EC}.Debug|x86.Build.0 = Debug|x86
		{261BD912-7AAA-4E80-9FAA-15402A2B35EC}.Debug|x86.Deploy.0 = Debug|x86
		{261BD912-7AAA-4E80-9FAA-15402A2B35EC}.Release|ARM.ActiveCfg = Release|ARM
		{261BD912-7AAA-4E80-9FAA-15402A2B35EC}.Release|ARM.Build.0 = Release|ARM
		{261BD912-7AAA-4E80-9FAA-15402A2B35EC}.Release|ARM.Deploy.0 = Release|ARM
		{261BD912-7AAA-4E80-9FAA-15402A2B35EC}.Release|x64.ActiveCfg = Release|x64
		{261BD912-7AAA-4E80-9FAA-15402A2B35EC}.Release|x64.Build.0 = Release|x64
		{261BD912-7AAA-4E80-9FAA-15402A2B35EC}.Release|x64.Deploy.0 = Release|x64
		{261BD912-7AAA-4E80-9FAA-15402A2B35EC}.Release|x86.ActiveCfg = Release|x86
		{261BD912-7AAA-4E80-9FAA-15402A2B35EC}.Release|x86.Build.0 = Release|x86
		{261BD912-7AAA-4E80-9FAA-15402A2B35EC}.Release|x86.Deploy.0 = Release|x86
	EndGlobalSection
	GlobalSection(SolutionProperties) = preSolution
		HideSolutionNode = FALSE
	EndGlobalSection
	GlobalSection(ExtensibilityGlobals) = postSolution
		SolutionGuid = {32BDC48D-AABE-4A68-A0FF-FD98CE7AA0C4}
	EndGlobalSection
EndGlobal
